
Microsoft Visual Studio Solution File, Format Version 12.00
# Visual Studio Version 17
VisualStudioVersion = 17.10.35013.160
MinimumVisualStudioVersion = 10.0.40219.1
Project("{FAE04EC0-301F-11D3-BF4B-00C04F79EFBC}") = "XMLViewer", "XMLViewer.csproj", "{690CD013-0DE5-4209-970E-584A24949BF1}"
EndProject
Global
	GlobalSection(SolutionConfigurationPlatforms) = preSolution
		Debug|Any CPU = Debug|Any CPU
		Release|Any CPU = Release|Any CPU
	EndGlobalSection
	GlobalSection(ProjectConfigurationPlatforms) = postSolution
		{690CD013-0DE5-4209-970E-584A24949BF1}.Debug|Any CPU.ActiveCfg = Debug|Any CPU
		{690CD013-0DE5-4209-970E-584A24949BF1}.Debug|Any CPU.Build.0 = Debug|Any CPU
		{690CD013-0DE5-4209-970E-584A24949BF1}.Release|Any CPU.ActiveCfg = Release|Any CPU
		{690CD013-0DE5-4209-970E-584A24949BF1}.Release|Any CPU.Build.0 = Release|Any CPU
	EndGlobalSection
	GlobalSection(SolutionProperties) = preSolution
		HideSolutionNode = FALSE
	EndGlobalSection
	GlobalSection(ExtensibilityGlobals) = postSolution
		SolutionGuid = {35553E03-FF86-46A7-8232-89FFB4A75DC6}
	EndGlobalSection
EndGlobal
